{
  "name": "tiptapPractice",
  "lockfileVersion": 2,
  "requires": true,
  "packages": {
    "": {
      "dependencies": {
        "@hocuspocus/provider": "^2.7.1"
      }
    },
    "node_modules/@hocuspocus/common": {
      "version": "2.7.1",
      "resolved": "https://registry.npmjs.org/@hocuspocus/common/-/common-2.7.1.tgz",
      "integrity": "sha512-mnwBn7b2g23rUmYA1+X+FrIwU9aODmRMWe7ypQdjL/MgzlZWrwqFFr0b9u4AhBrwqRTg+L8KCp8SDkpkt2OTtQ==",
      "dependencies": {
        "lib0": "^0.2.47"
      }
    },
    "node_modules/@hocuspocus/provider": {
      "version": "2.7.1",
      "resolved": "https://registry.npmjs.org/@hocuspocus/provider/-/provider-2.7.1.tgz",
      "integrity": "sha512-C+NcY1fcOR/su8kkr1wgd75euKMcC4+yBL/x8G8Oxz18zb5uFrNsAnTvaBa6J/iQazWQZdyrDzUhwLOT0id37Q==",
      "dependencies": {
        "@hocuspocus/common": "^2.7.1",
        "@lifeomic/attempt": "^3.0.2",
        "lib0": "^0.2.47",
        "ws": "^8.14.2"
      },
      "peerDependencies": {
        "y-protocols": "^1.0.5",
        "yjs": "^13.6.4"
      }
    },
    "node_modules/@lifeomic/attempt": {
      "version": "3.0.3",
      "resolved": "https://registry.npmjs.org/@lifeomic/attempt/-/attempt-3.0.3.tgz",
      "integrity": "sha512-GlM2AbzrErd/TmLL3E8hAHmb5Q7VhDJp35vIbyPVA5Rz55LZuRr8pwL3qrwwkVNo05gMX1J44gURKb4MHQZo7w=="
    },
    "node_modules/isomorphic.js": {
      "version": "0.2.5",
      "resolved": "https://registry.npmjs.org/isomorphic.js/-/isomorphic.js-0.2.5.tgz",
      "integrity": "sha512-PIeMbHqMt4DnUP3MA/Flc0HElYjMXArsw1qwJZcm9sqR8mq3l8NYizFMty0pWwE/tzIGH3EKK5+jes5mAr85yw==",
      "funding": {
        "type": "GitHub Sponsors ❤",
        "url": "https://github.com/sponsors/dmonad"
      }
    },
    "node_modules/lib0": {
      "version": "0.2.87",
      "resolved": "https://registry.npmjs.org/lib0/-/lib0-0.2.87.tgz",
      "integrity": "sha512-TbB63XJixvNToW2IHWAFsCJj9tVnajmwjE14p69i51Rx8byOQd2IP4ourE8v4d7vhyO++nVm1sQk3ePslfbucg==",
      "dependencies": {
        "isomorphic.js": "^0.2.4"
      },
      "bin": {
        "0gentesthtml": "bin/gentesthtml.js",
        "0serve": "bin/0serve.js"
      },
      "engines": {
        "node": ">=16"
      },
      "funding": {
        "type": "GitHub Sponsors ❤",
        "url": "https://github.com/sponsors/dmonad"
      }
    },
    "node_modules/ws": {
      "version": "8.14.2",
      "resolved": "https://registry.npmjs.org/ws/-/ws-8.14.2.tgz",
      "integrity": "sha512-wEBG1ftX4jcglPxgFCMJmZ2PLtSbJ2Peg6TmpJFTbe9GZYOQCDPdMYu/Tm0/bGZkw8paZnJY45J4K2PZrLYq8g==",
      "engines": {
        "node": ">=10.0.0"
      },
      "peerDependencies": {
        "bufferutil": "^4.0.1",
        "utf-8-validate": ">=5.0.2"
      },
      "peerDependenciesMeta": {
        "bufferutil": {
          "optional": true
        },
        "utf-8-validate": {
          "optional": true
        }
      }
    },
    "node_modules/y-protocols": {
      "version": "1.0.6",
      "resolved": "https://registry.npmjs.org/y-protocols/-/y-protocols-1.0.6.tgz",
      "integrity": "sha512-vHRF2L6iT3rwj1jub/K5tYcTT/mEYDUppgNPXwp8fmLpui9f7Yeq3OEtTLVF012j39QnV+KEQpNqoN7CWU7Y9Q==",
      "peer": true,
      "dependencies": {
        "lib0": "^0.2.85"
      },
      "engines": {
        "node": ">=16.0.0",
        "npm": ">=8.0.0"
      },
      "funding": {
        "type": "GitHub Sponsors ❤",
        "url": "https://github.com/sponsors/dmonad"
      },
      "peerDependencies": {
        "yjs": "^13.0.0"
      }
    },
    "node_modules/yjs": {
      "version": "13.6.8",
      "resolved": "https://registry.npmjs.org/yjs/-/yjs-13.6.8.tgz",
      "integrity": "sha512-ZPq0hpJQb6f59B++Ngg4cKexDJTvfOgeiv0sBc4sUm8CaBWH7OQC4kcCgrqbjJ/B2+6vO49exvTmYfdlPtcjbg==",
      "peer": true,
      "dependencies": {
        "lib0": "^0.2.74"
      },
      "engines": {
        "node": ">=16.0.0",
        "npm": ">=8.0.0"
      },
      "funding": {
        "type": "GitHub Sponsors ❤",
        "url": "https://github.com/sponsors/dmonad"
      }
    }
  },
  "dependencies": {
    "@hocuspocus/common": {
      "version": "2.7.1",
      "resolved": "https://registry.npmjs.org/@hocuspocus/common/-/common-2.7.1.tgz",
      "integrity": "sha512-mnwBn7b2g23rUmYA1+X+FrIwU9aODmRMWe7ypQdjL/MgzlZWrwqFFr0b9u4AhBrwqRTg+L8KCp8SDkpkt2OTtQ==",
      "requires": {
        "lib0": "^0.2.47"
      }
    },
    "@hocuspocus/provider": {
      "version": "2.7.1",
      "resolved": "https://registry.npmjs.org/@hocuspocus/provider/-/provider-2.7.1.tgz",
      "integrity": "sha512-C+NcY1fcOR/su8kkr1wgd75euKMcC4+yBL/x8G8Oxz18zb5uFrNsAnTvaBa6J/iQazWQZdyrDzUhwLOT0id37Q==",
      "requires": {
        "@hocuspocus/common": "^2.7.1",
        "@lifeomic/attempt": "^3.0.2",
        "lib0": "^0.2.47",
        "ws": "^8.14.2"
      }
    },
    "@lifeomic/attempt": {
      "version": "3.0.3",
      "resolved": "https://registry.npmjs.org/@lifeomic/attempt/-/attempt-3.0.3.tgz",
      "integrity": "sha512-GlM2AbzrErd/TmLL3E8hAHmb5Q7VhDJp35vIbyPVA5Rz55LZuRr8pwL3qrwwkVNo05gMX1J44gURKb4MHQZo7w=="
    },
    "isomorphic.js": {
      "version": "0.2.5",
      "resolved": "https://registry.npmjs.org/isomorphic.js/-/isomorphic.js-0.2.5.tgz",
      "integrity": "sha512-PIeMbHqMt4DnUP3MA/Flc0HElYjMXArsw1qwJZcm9sqR8mq3l8NYizFMty0pWwE/tzIGH3EKK5+jes5mAr85yw=="
    },
    "lib0": {
      "version": "0.2.87",
      "resolved": "https://registry.npmjs.org/lib0/-/lib0-0.2.87.tgz",
      "integrity": "sha512-TbB63XJixvNToW2IHWAFsCJj9tVnajmwjE14p69i51Rx8byOQd2IP4ourE8v4d7vhyO++nVm1sQk3ePslfbucg==",
      "requires": {
        "isomorphic.js": "^0.2.4"
      }
    },
    "ws": {
      "version": "8.14.2",
      "resolved": "https://registry.npmjs.org/ws/-/ws-8.14.2.tgz",
      "integrity": "sha512-wEBG1ftX4jcglPxgFCMJmZ2PLtSbJ2Peg6TmpJFTbe9GZYOQCDPdMYu/Tm0/bGZkw8paZnJY45J4K2PZrLYq8g==",
      "requires": {}
    },
    "y-protocols": {
      "version": "1.0.6",
      "resolved": "https://registry.npmjs.org/y-protocols/-/y-protocols-1.0.6.tgz",
      "integrity": "sha512-vHRF2L6iT3rwj1jub/K5tYcTT/mEYDUppgNPXwp8fmLpui9f7Yeq3OEtTLVF012j39QnV+KEQpNqoN7CWU7Y9Q==",
      "peer": true,
      "requires": {
        "lib0": "^0.2.85"
      }
    },
    "yjs": {
      "version": "13.6.8",
      "resolved": "https://registry.npmjs.org/yjs/-/yjs-13.6.8.tgz",
      "integrity": "sha512-ZPq0hpJQb6f59B++Ngg4cKexDJTvfOgeiv0sBc4sUm8CaBWH7OQC4kcCgrqbjJ/B2+6vO49exvTmYfdlPtcjbg==",
      "peer": true,
      "requires": {
        "lib0": "^0.2.74"
      }
    }
  }
}
